// !$*UTF8*$!
{
	archiveVersion = 1;
	classes = {
	};
	objectVersion = 50;
	objects = {

/* Begin PBXBuildFile section */
		8A22A845221BE92300A5799E /* AppDelegate.swift in Sources */ = {isa = PBXBuildFile; fileRef = 8A22A844221BE92300A5799E /* AppDelegate.swift */; };
		8A22A847221BE92300A5799E /* ViewController.swift in Sources */ = {isa = PBXBuildFile; fileRef = 8A22A846221BE92300A5799E /* ViewController.swift */; };
		8A22A84A221BE92300A5799E /* Main.storyboard in Resources */ = {isa = PBXBuildFile; fileRef = 8A22A848221BE92300A5799E /* Main.storyboard */; };
		8A22A84C221BE92600A5799E /* Assets.xcassets in Resources */ = {isa = PBXBuildFile; fileRef = 8A22A84B221BE92600A5799E /* Assets.xcassets */; };
		8A22A84F221BE92600A5799E /* LaunchScreen.storyboard in Resources */ = {isa = PBXBuildFile; fileRef = 8A22A84D221BE92600A5799E /* LaunchScreen.storyboard */; };
		8A22A85A221BE92600A5799E /* BasicSwiftTests.swift in Sources */ = {isa = PBXBuildFile; fileRef = 8A22A859221BE92600A5799E /* BasicSwiftTests.swift */; };
/* End PBXBuildFile section */

/* Begin PBXContainerItemProxy section */
		8A22A856221BE92600A5799E /* PBXContainerItemProxy */ = {
			isa = PBXContainerItemProxy;
			containerPortal = 8A22A839221BE92300A5799E /* Project object */;
			proxyType = 1;
			remoteGlobalIDString = 8A22A840221BE92300A5799E;
			remoteInfo = BasicSwift;
		};
/* End PBXContainerItemProxy section */

/* Begin PBXFileReference section */
		8A22A841221BE92300A5799E /* BasicSwift.app */ = {isa = PBXFileReference; explicitFileType = wrapper.application; includeInIndex = 0; path = BasicSwift.app; sourceTree = BUILT_PRODUCTS_DIR; };
		8A22A844221BE92300A5799E /* AppDelegate.swift */ = {isa = PBXFileReference; lastKnownFileType = sourcecode.swift; path = AppDelegate.swift; sourceTree = "<group>"; };
		8A22A846221BE92300A5799E /* ViewController.swift */ = {isa = PBXFileReference; lastKnownFileType = sourcecode.swift; path = ViewController.swift; sourceTree = "<group>"; };
		8A22A849221BE92300A5799E /* Base */ = {isa = PBXFileReference; lastKnownFileType = file.storyboard; name = Base; path = Base.lproj/Main.storyboard; sourceTree = "<group>"; };
		8A22A84B221BE92600A5799E /* Assets.xcassets */ = {isa = PBXFileReference; lastKnownFileType = folder.assetcatalog; path = Assets.xcassets; sourceTree = "<group>"; };
		8A22A84E221BE92600A5799E /* Base */ = {isa = PBXFileReference; lastKnownFileType = file.storyboard; name = Base; path = Base.lproj/LaunchScreen.storyboard; sourceTree = "<group>"; };
		8A22A850221BE92600A5799E /* Info.plist */ = {isa = PBXFileReference; lastKnownFileType = text.plist.xml; path = Info.plist; sourceTree = "<group>"; };
		8A22A855221BE92600A5799E /* BasicSwiftTests.xctest */ = {isa = PBXFileReference; explicitFileType = wrapper.cfbundle; includeInIndex = 0; path = BasicSwiftTests.xctest; sourceTree = BUILT_PRODUCTS_DIR; };
		8A22A859221BE92600A5799E /* BasicSwiftTests.swift */ = {isa = PBXFileReference; lastKnownFileType = sourcecode.swift; path = BasicSwiftTests.swift; sourceTree = "<group>"; };
		8A22A85B221BE92600A5799E /* Info.plist */ = {isa = PBXFileReference; lastKnownFileType = text.plist.xml; path = Info.plist; sourceTree = "<group>"; };
/* End PBXFileReference section */

/* Begin PBXFrameworksBuildPhase section */
		8A22A83E221BE92300A5799E /* Frameworks */ = {
			isa = PBXFrameworksBuildPhase;
			buildActionMask = 2147483647;
			files = (
			);
			runOnlyForDeploymentPostprocessing = 0;
		};
		8A22A852221BE92600A5799E /* Frameworks */ = {
			isa = PBXFrameworksBuildPhase;
			buildActionMask = 2147483647;
			files = (
			);
			runOnlyForDeploymentPostprocessing = 0;
		};
/* End PBXFrameworksBuildPhase section */

/* Begin PBXGroup section */
		8A22A838221BE92300A5799E = {
			isa = PBXGroup;
			children = (
				8A22A843221BE92300A5799E /* BasicSwift */,
				8A22A858221BE92600A5799E /* BasicSwiftTests */,
				8A22A842221BE92300A5799E /* Products */,
			);
			sourceTree = "<group>";
		};
		8A22A842221BE92300A5799E /* Products */ = {
			isa = PBXGroup;
			children = (
				8A22A841221BE92300A5799E /* BasicSwift.app */,
				8A22A855221BE92600A5799E /* BasicSwiftTests.xctest */,
			);
			name = Products;
			sourceTree = "<group>";
		};
		8A22A843221BE92300A5799E /* BasicSwift */ = {
			isa = PBXGroup;
			children = (
				8A22A865221CF24100A5799E /* 0. Basic */,
				8A22A868221CF24200A5799E /* 1. View */,
				8A22A86B221CF24200A5799E /* 2. Navigation */,
				8A22A86E221CF24200A5799E /* 3. Tab Bar */,
				8A22A86A221CF24200A5799E /* 4. Custom View */,
				8A22A866221CF24100A5799E /* 5. Table View */,
				8A22A86C221CF24200A5799E /* 6. Collection View */,
				8A22A86D221CF24200A5799E /* 7. Map View */,
				8A22A867221CF24100A5799E /* 8. API */,
				8A22A869221CF24200A5799E /* 9. Realm */,
				8A22A844221BE92300A5799E /* AppDelegate.swift */,
				8A22A846221BE92300A5799E /* ViewController.swift */,
				8A22A848221BE92300A5799E /* Main.storyboard */,
				8A22A84B221BE92600A5799E /* Assets.xcassets */,
				8A22A84D221BE92600A5799E /* LaunchScreen.storyboard */,
				8A22A850221BE92600A5799E /* Info.plist */,
			);
			path = BasicSwift;
			sourceTree = "<group>";
		};
		8A22A858221BE92600A5799E /* BasicSwiftTests */ = {
			isa = PBXGroup;
			children = (
				8A22A859221BE92600A5799E /* BasicSwiftTests.swift */,
				8A22A85B221BE92600A5799E /* Info.plist */,
			);
			path = BasicSwiftTests;
			sourceTree = "<group>";
		};
		8A22A865221CF24100A5799E /* 0. Basic */ = {
			isa = PBXGroup;
			children = (
			);
			path = "0. Basic";
			sourceTree = "<group>";
		};
		8A22A866221CF24100A5799E /* 5. Table View */ = {
			isa = PBXGroup;
			children = (
			);
			path = "5. Table View";
			sourceTree = "<group>";
		};
		8A22A867221CF24100A5799E /* 8. API */ = {
			isa = PBXGroup;
			children = (
			);
			path = "8. API";
			sourceTree = "<group>";
		};
		8A22A868221CF24200A5799E /* 1. View */ = {
			isa = PBXGroup;
			children = (
			);
			path = "1. View";
			sourceTree = "<group>";
		};
		8A22A869221CF24200A5799E /* 9. Realm */ = {
			isa = PBXGroup;
			children = (
			);
			path = "9. Realm";
			sourceTree = "<group>";
		};
		8A22A86A221CF24200A5799E /* 4. Custom View */ = {
			isa = PBXGroup;
			children = (
			);
			path = "4. Custom View";
			sourceTree = "<group>";
		};
		8A22A86B221CF24200A5799E /* 2. Navigation */ = {
			isa = PBXGroup;
			children = (
			);
			path = "2. Navigation";
			sourceTree = "<group>";
		};
		8A22A86C221CF24200A5799E /* 6. Collection View */ = {
			isa = PBXGroup;
			children = (
			);
			path = "6. Collection View";
			sourceTree = "<group>";
		};
		8A22A86D221CF24200A5799E /* 7. Map View */ = {
			isa = PBXGroup;
			children = (
			);
			path = "7. Map View";
			sourceTree = "<group>";
		};
		8A22A86E221CF24200A5799E /* 3. Tab Bar */ = {
			isa = PBXGroup;
			children = (
			);
			path = "3. Tab Bar";
			sourceTree = "<group>";
		};
/* End PBXGroup section */

/* Begin PBXNativeTarget section */
		8A22A840221BE92300A5799E /* BasicSwift */ = {
			isa = PBXNativeTarget;
			buildConfigurationList = 8A22A85E221BE92600A5799E /* Build configuration list for PBXNativeTarget "BasicSwift" */;
			buildPhases = (
				8A22A83D221BE92300A5799E /* Sources */,
				8A22A83E221BE92300A5799E /* Frameworks */,
				8A22A83F221BE92300A5799E /* Resources */,
			);
			buildRules = (
			);
			dependencies = (
			);
			name = BasicSwift;
			productName = BasicSwift;
			productReference = 8A22A841221BE92300A5799E /* BasicSwift.app */;
			productType = "com.apple.product-type.application";
		};
		8A22A854221BE92600A5799E /* BasicSwiftTests */ = {
			isa = PBXNativeTarget;
			buildConfigurationList = 8A22A861221BE92600A5799E /* Build configuration list for PBXNativeTarget "BasicSwiftTests" */;
			buildPhases = (
				8A22A851221BE92600A5799E /* Sources */,
				8A22A852221BE92600A5799E /* Frameworks */,
				8A22A853221BE92600A5799E /* Resources */,
			);
			buildRules = (
			);
			dependencies = (
				8A22A857221BE92600A5799E /* PBXTargetDependency */,
			);
			name = BasicSwiftTests;
			productName = BasicSwiftTests;
			productReference = 8A22A855221BE92600A5799E /* BasicSwiftTests.xctest */;
			productType = "com.apple.product-type.bundle.unit-test";
		};
/* End PBXNativeTarget section */

/* Begin PBXProject section */
		8A22A839221BE92300A5799E /* Project object */ = {
			isa = PBXProject;
			attributes = {
				LastSwiftUpdateCheck = 1000;
				LastUpgradeCheck = 1000;
				ORGANIZATIONNAME = "Quang Phu C M";
				TargetAttributes = {
					8A22A840221BE92300A5799E = {
						CreatedOnToolsVersion = 10.0;
					};
					8A22A854221BE92600A5799E = {
						CreatedOnToolsVersion = 10.0;
						TestTargetID = 8A22A840221BE92300A5799E;
					};
				};
			};
			buildConfigurationList = 8A22A83C221BE92300A5799E /* Build configuration list for PBXProject "BasicSwift" */;
			compatibilityVersion = "Xcode 9.3";
			developmentRegion = en;
			hasScannedForEncodings = 0;
			knownRegions = (
				en,
				Base,
			);
			mainGroup = 8A22A838221BE92300A5799E;
			productRefGroup = 8A22A842221BE92300A5799E /* Products */;
			projectDirPath = "";
			projectRoot = "";
			targets = (
				8A22A840221BE92300A5799E /* BasicSwift */,
				8A22A854221BE92600A5799E /* BasicSwiftTests */,
			);
		};
/* End PBXProject section */

/* Begin PBXResourcesBuildPhase section */
		8A22A83F221BE92300A5799E /* Resources */ = {
			isa = PBXResourcesBuildPhase;
			buildActionMask = 2147483647;
			files = (
				8A22A84F221BE92600A5799E /* LaunchScreen.storyboard in Resources */,
				8A22A84C221BE92600A5799E /* Assets.xcassets in Resources */,
				8A22A84A221BE92300A5799E /* Main.storyboard in Resources */,
			);
			runOnlyForDeploymentPostprocessing = 0;
		};
		8A22A853221BE92600A5799E /* Resources */ = {
			isa = PBXResourcesBuildPhase;
			buildActionMask = 2147483647;
			files = (
			);
			runOnlyForDeploymentPostprocessing = 0;
		};
/* End PBXResourcesBuildPhase section */

/* Begin PBXSourcesBuildPhase section */
		8A22A83D221BE92300A5799E /* Sources */ = {
			isa = PBXSourcesBuildPhase;
			buildActionMask = 2147483647;
			files = (
				8A22A847221BE92300A5799E /* ViewController.swift in Sources */,
				8A22A845221BE92300A5799E /* AppDelegate.swift in Sources */,
			);
			runOnlyForDeploymentPostprocessing = 0;
		};
		8A22A851221BE92600A5799E /* Sources */ = {
			isa = PBXSourcesBuildPhase;
			buildActionMask = 2147483647;
			files = (
				8A22A85A221BE92600A5799E /* BasicSwiftTests.swift in Sources */,
			);
			runOnlyForDeploymentPostprocessing = 0;
		};
/* End PBXSourcesBuildPhase section */

/* Begin PBXTargetDependency section */
		8A22A857221BE92600A5799E /* PBXTargetDependency */ = {
			isa = PBXTargetDependency;
			target = 8A22A840221BE92300A5799E /* BasicSwift */;
			targetProxy = 8A22A856221BE92600A5799E /* PBXContainerItemProxy */;
		};
/* End PBXTargetDependency section */

/* Begin PBXVariantGroup section */
		8A22A848221BE92300A5799E /* Main.storyboard */ = {
			isa = PBXVariantGroup;
			children = (
				8A22A849221BE92300A5799E /* Base */,
			);
			name = Main.storyboard;
			sourceTree = "<group>";
		};
		8A22A84D221BE92600A5799E /* LaunchScreen.storyboard */ = {
			isa = PBXVariantGroup;
			children = (
				8A22A84E221BE92600A5799E /* Base */,
			);
			name = LaunchScreen.storyboard;
			sourceTree = "<group>";
		};
/* End PBXVariantGroup section */

/* Begin XCBuildConfiguration section */
		8A22A85C221BE92600A5799E /* Debug */ = {
			isa = XCBuildConfiguration;
			buildSettings = {
				ALWAYS_SEARCH_USER_PATHS = NO;
				CLANG_ANALYZER_NONNULL = YES;
				CLANG_ANALYZER_NUMBER_OBJECT_CONVERSION = YES_AGGRESSIVE;
				CLANG_CXX_LANGUAGE_STANDARD = "gnu++14";
				CLANG_CXX_LIBRARY = "libc++";
				CLANG_ENABLE_MODULES = YES;
				CLANG_ENABLE_OBJC_ARC = YES;
				CLANG_ENABLE_OBJC_WEAK = YES;
				CLANG_WARN_BLOCK_CAPTURE_AUTORELEASING = YES;
				CLANG_WARN_BOOL_CONVERSION = YES;
				CLANG_WARN_COMMA = YES;
				CLANG_WARN_CONSTANT_CONVERSION = YES;
				CLANG_WARN_DEPRECATED_OBJC_IMPLEMENTATIONS = YES;
				CLANG_WARN_DIRECT_OBJC_ISA_USAGE = YES_ERROR;
				CLANG_WARN_DOCUMENTATION_COMMENTS = YES;
				CLANG_WARN_EMPTY_BODY = YES;
				CLANG_WARN_ENUM_CONVERSION = YES;
				CLANG_WARN_INFINITE_RECURSION = YES;
				CLANG_WARN_INT_CONVERSION = YES;
				CLANG_WARN_NON_LITERAL_NULL_CONVERSION = YES;
				CLANG_WARN_OBJC_IMPLICIT_RETAIN_SELF = YES;
				CLANG_WARN_OBJC_LITERAL_CONVERSION = YES;
				CLANG_WARN_OBJC_ROOT_CLASS = YES_ERROR;
				CLANG_WARN_RANGE_LOOP_ANALYSIS = YES;
				CLANG_WARN_STRICT_PROTOTYPES = YES;
				CLANG_WARN_SUSPICIOUS_MOVE = YES;
				CLANG_WARN_UNGUARDED_AVAILABILITY = YES_AGGRESSIVE;
				CLANG_WARN_UNREACHABLE_CODE = YES;
				CLANG_WARN__DUPLICATE_METHOD_MATCH = YES;
				CODE_SIGN_IDENTITY = "iPhone Developer";
				COPY_PHASE_STRIP = NO;
				DEBUG_INFORMATION_FORMAT = dwarf;
				ENABLE_STRICT_OBJC_MSGSEND = YES;
				ENABLE_TESTABILITY = YES;
				GCC_C_LANGUAGE_STANDARD = gnu11;
				GCC_DYNAMIC_NO_PIC = NO;
				GCC_NO_COMMON_BLOCKS = YES;
				GCC_OPTIMIZATION_LEVEL = 0;
				GCC_PREPROCESSOR_DEFINITIONS = (
					"DEBUG=1",
					"$(inherited)",
				);
				GCC_WARN_64_TO_32_BIT_CONVERSION = YES;
				GCC_WARN_ABOUT_RETURN_TYPE = YES_ERROR;
				GCC_WARN_UNDECLARED_SELECTOR = YES;
				GCC_WARN_UNINITIALIZED_AUTOS = YES_AGGRESSIVE;
				GCC_WARN_UNUSED_FUNCTION = YES;
				GCC_WARN_UNUSED_VARIABLE = YES;
				IPHONEOS_DEPLOYMENT_TARGET = 12.0;
				MTL_ENABLE_DEBUG_INFO = INCLUDE_SOURCE;
				MTL_FAST_MATH = YES;
				ONLY_ACTIVE_ARCH = YES;
				SDKROOT = iphoneos;
				SWIFT_ACTIVE_COMPILATION_CONDITIONS = DEBUG;
				SWIFT_OPTIMIZATION_LEVEL = "-Onone";
			};
			name = Debug;
		};
		8A22A85D221BE92600A5799E /* Release */ = {
			isa = XCBuildConfiguration;
			buildSettings = {
				ALWAYS_SEARCH_USER_PATHS = NO;
				CLANG_ANALYZER_NONNULL = YES;
				CLANG_ANALYZER_NUMBER_OBJECT_CONVERSION = YES_AGGRESSIVE;
				CLANG_CXX_LANGUAGE_STANDARD = "gnu++14";
				CLANG_CXX_LIBRARY = "libc++";
				CLANG_ENABLE_MODULES = YES;
				CLANG_ENABLE_OBJC_ARC = YES;
				CLANG_ENABLE_OBJC_WEAK = YES;
				CLANG_WARN_BLOCK_CAPTURE_AUTORELEASING = YES;
				CLANG_WARN_BOOL_CONVERSION = YES;
				CLANG_WARN_COMMA = YES;
				CLANG_WARN_CONSTANT_CONVERSION = YES;
				CLANG_WARN_DEPRECATED_OBJC_IMPLEMENTATIONS = YES;
				CLANG_WARN_DIRECT_OBJC_ISA_USAGE = YES_ERROR;
				CLANG_WARN_DOCUMENTATION_COMMENTS = YES;
				CLANG_WARN_EMPTY_BODY = YES;
				CLANG_WARN_ENUM_CONVERSION = YES;
				CLANG_WARN_INFINITE_RECURSION = YES;
				CLANG_WARN_INT_CONVERSION = YES;
				CLANG_WARN_NON_LITERAL_NULL_CONVERSION = YES;
				CLANG_WARN_OBJC_IMPLICIT_RETAIN_SELF = YES;
				CLANG_WARN_OBJC_LITERAL_CONVERSION = YES;
				CLANG_WARN_OBJC_ROOT_CLASS = YES_ERROR;
				CLANG_WARN_RANGE_LOOP_ANALYSIS = YES;
				CLANG_WARN_STRICT_PROTOTYPES = YES;
				CLANG_WARN_SUSPICIOUS_MOVE = YES;
				CLANG_WARN_UNGUARDED_AVAILABILITY = YES_AGGRESSIVE;
				CLANG_WARN_UNREACHABLE_CODE = YES;
				CLANG_WARN__DUPLICATE_METHOD_MATCH = YES;
				CODE_SIGN_IDENTITY = "iPhone Developer";
				COPY_PHASE_STRIP = NO;
				DEBUG_INFORMATION_FORMAT = "dwarf-with-dsym";
				ENABLE_NS_ASSERTIONS = NO;
				ENABLE_STRICT_OBJC_MSGSEND = YES;
				GCC_C_LANGUAGE_STANDARD = gnu11;
				GCC_NO_COMMON_BLOCKS = YES;
				GCC_WARN_64_TO_32_BIT_CONVERSION = YES;
				GCC_WARN_ABOUT_RETURN_TYPE = YES_ERROR;
				GCC_WARN_UNDECLARED_SELECTOR = YES;
				GCC_WARN_UNINITIALIZED_AUTOS = YES_AGGRESSIVE;
				GCC_WARN_UNUSED_FUNCTION = YES;
				GCC_WARN_UNUSED_VARIABLE = YES;
				IPHONEOS_DEPLOYMENT_TARGET = 12.0;
				MTL_ENABLE_DEBUG_INFO = NO;
				MTL_FAST_MATH = YES;
				SDKROOT = iphoneos;
				SWIFT_COMPILATION_MODE = wholemodule;
				SWIFT_OPTIMIZATION_LEVEL = "-O";
				VALIDATE_PRODUCT = YES;
			};
			name = Release;
		};
		8A22A85F221BE92600A5799E /* Debug */ = {
			isa = XCBuildConfiguration;
			buildSettings = {
				ASSETCATALOG_COMPILER_APPICON_NAME = AppIcon;
				CODE_SIGN_STYLE = Automatic;
				INFOPLIST_FILE = BasicSwift/Info.plist;
				LD_RUNPATH_SEARCH_PATHS = (
					"$(inherited)",
					"@executable_path/Frameworks",
				);
				PRODUCT_BUNDLE_IDENTIFIER = localizable.strings.BasicSwift;
				PRODUCT_NAME = "$(TARGET_NAME)";
				SWIFT_VERSION = 4.2;
				TARGETED_DEVICE_FAMILY = "1,2";
			};
			name = Debug;
		};
		8A22A860221BE92600A5799E /* Release */ = {
			isa = XCBuildConfiguration;
			buildSettings = {
				ASSETCATALOG_COMPILER_APPICON_NAME = AppIcon;
				CODE_SIGN_STYLE = Automatic;
				INFOPLIST_FILE = BasicSwift/Info.plist;
				LD_RUNPATH_SEARCH_PATHS = (
					"$(inherited)",
					"@executable_path/Frameworks",
				);
				PRODUCT_BUNDLE_IDENTIFIER = localizable.strings.BasicSwift;
				PRODUCT_NAME = "$(TARGET_NAME)";
				SWIFT_VERSION = 4.2;
				TARGETED_DEVICE_FAMILY = "1,2";
			};
			name = Release;
		};
		8A22A862221BE92600A5799E /* Debug */ = {
			isa = XCBuildConfiguration;
			buildSettings = {
				ALWAYS_EMBED_SWIFT_STANDARD_LIBRARIES = YES;
				BUNDLE_LOADER = "$(TEST_HOST)";
				CODE_SIGN_STYLE = Automatic;
				INFOPLIST_FILE = BasicSwiftTests/Info.plist;
				LD_RUNPATH_SEARCH_PATHS = (
					"$(inherited)",
					"@executable_path/Frameworks",
					"@loader_path/Frameworks",
				);
				PRODUCT_BUNDLE_IDENTIFIER = localizable.strings.BasicSwiftTests;
				PRODUCT_NAME = "$(TARGET_NAME)";
				SWIFT_VERSION = 4.2;
				TARGETED_DEVICE_FAMILY = "1,2";
				TEST_HOST = "$(BUILT_PRODUCTS_DIR)/BasicSwift.app/BasicSwift";
			};
			name = Debug;
		};
		8A22A863221BE92600A5799E /* Release */ = {
			isa = XCBuildConfiguration;
			buildSettings = {
				ALWAYS_EMBED_SWIFT_STANDARD_LIBRARIES = YES;
				BUNDLE_LOADER = "$(TEST_HOST)";
				CODE_SIGN_STYLE = Automatic;
				INFOPLIST_FILE = BasicSwiftTests/Info.plist;
				LD_RUNPATH_SEARCH_PATHS = (
					"$(inherited)",
					"@executable_path/Frameworks",
					"@loader_path/Frameworks",
				);
				PRODUCT_BUNDLE_IDENTIFIER = localizable.strings.BasicSwiftTests;
				PRODUCT_NAME = "$(TARGET_NAME)";
				SWIFT_VERSION = 4.2;
				TARGETED_DEVICE_FAMILY = "1,2";
				TEST_HOST = "$(BUILT_PRODUCTS_DIR)/BasicSwift.app/BasicSwift";
			};
			name = Release;
		};
/* End XCBuildConfiguration section */

/* Begin XCConfigurationList section */
		8A22A83C221BE92300A5799E /* Build configuration list for PBXProject "BasicSwift" */ = {
			isa = XCConfigurationList;
			buildConfigurations = (
				8A22A85C221BE92600A5799E /* Debug */,
				8A22A85D221BE92600A5799E /* Release */,
			);
			defaultConfigurationIsVisible = 0;
			defaultConfigurationName = Release;
		};
		8A22A85E221BE92600A5799E /* Build configuration list for PBXNativeTarget "BasicSwift" */ = {
			isa = XCConfigurationList;
			buildConfigurations = (
				8A22A85F221BE92600A5799E /* Debug */,
				8A22A860221BE92600A5799E /* Release */,
			);
			defaultConfigurationIsVisible = 0;
			defaultConfigurationName = Release;
		};
		8A22A861221BE92600A5799E /* Build configuration list for PBXNativeTarget "BasicSwiftTests" */ = {
			isa = XCConfigurationList;
			buildConfigurations = (
				8A22A862221BE92600A5799E /* Debug */,
				8A22A863221BE92600A5799E /* Release */,
			);
			defaultConfigurationIsVisible = 0;
			defaultConfigurationName = Release;
		};
/* End XCConfigurationList section */
	};
	rootObject = 8A22A839221BE92300A5799E /* Project object */;
}
